# THIS IS AN AUTOGENERATED FILE. DO NOT EDIT THIS FILE DIRECTLY.
# yarn lockfile v1


"@openzeppelin/contracts@^2.5.0":
  version "2.5.0"
  resolved "https://registry.yarnpkg.com/@openzeppelin/contracts/-/contracts-2.5.0.tgz#e327a98ba1d26b7756ff62885a0aa0967a375449"
  integrity sha512-t3jm8FrhL9tkkJTofkznTqo/XXdHi21w5yXwalEnaMOp22ZwZ0f/mmKdlgMMLPFa6bSVHbY88mKESwJT/7m5Lg==

prettier@^2.0.5:
  version "2.0.5"
  resolved "https://registry.yarnpkg.com/prettier/-/prettier-2.0.5.tgz#d6d56282455243f2f92cc1716692c08aa31522d4"
  integrity sha512-7PtVymN48hGcO4fGjybyBSIWDsLU4H4XlvOHfq91pz9kkGlonzwTfYkaIEwiRg/dAJF9YlbsduBAgtYLi+8cFg==
